// !$*UTF8*$!
{
	archiveVersion = 1;
	classes = {
	};
	objectVersion = 46;
	objects = {

/* Begin PBXBuildFile section */
		1661240A41073E732A4C804C /* Pods_Bird_Crap.framework in Frameworks */ = {isa = PBXBuildFile; fileRef = 82AB2A3B665286ADD88A3BE9 /* Pods_Bird_Crap.framework */; };
		734726031E00732200B0E892 /* Cloud.swift in Sources */ = {isa = PBXBuildFile; fileRef = 734726021E00732200B0E892 /* Cloud.swift */; };
		7347260A1E0085B600B0E892 /* Character.swift in Sources */ = {isa = PBXBuildFile; fileRef = 734726091E0085B600B0E892 /* Character.swift */; };
		7347260C1E00892900B0E892 /* SoundManager.swift in Sources */ = {isa = PBXBuildFile; fileRef = 7347260B1E00892900B0E892 /* SoundManager.swift */; };
		7347260E1E00970C00B0E892 /* Sun.swift in Sources */ = {isa = PBXBuildFile; fileRef = 7347260D1E00970C00B0E892 /* Sun.swift */; };
		734726121E00A8E200B0E892 /* MenuButton.swift in Sources */ = {isa = PBXBuildFile; fileRef = 734726111E00A8E200B0E892 /* MenuButton.swift */; };
		734726141E00B76300B0E892 /* GameManager.swift in Sources */ = {isa = PBXBuildFile; fileRef = 734726131E00B76300B0E892 /* GameManager.swift */; };
		734726161E00C7D400B0E892 /* CreditsPage.swift in Sources */ = {isa = PBXBuildFile; fileRef = 734726151E00C7D400B0E892 /* CreditsPage.swift */; };
		734726181E00CDBB00B0E892 /* SpriteCreator.swift in Sources */ = {isa = PBXBuildFile; fileRef = 734726171E00CDBB00B0E892 /* SpriteCreator.swift */; };
		7347261A1E00D2A400B0E892 /* AnimationEditor.swift in Sources */ = {isa = PBXBuildFile; fileRef = 734726191E00D2A400B0E892 /* AnimationEditor.swift */; };
		734D9E3E1E2EE66300046D87 /* CheckWifiStatus.swift in Sources */ = {isa = PBXBuildFile; fileRef = 734D9E3D1E2EE66300046D87 /* CheckWifiStatus.swift */; };
		7361E2B51E01C6E100705A80 /* MenuBillboard.swift in Sources */ = {isa = PBXBuildFile; fileRef = 7361E2B41E01C6E100705A80 /* MenuBillboard.swift */; };
		736AF54B1E369B7D002C9AC0 /* CalendarMonths.swift in Sources */ = {isa = PBXBuildFile; fileRef = 736AF54A1E369B7D002C9AC0 /* CalendarMonths.swift */; };
		739B7FEB1DFD90D500A022E7 /* AppDelegate.swift in Sources */ = {isa = PBXBuildFile; fileRef = 739B7FEA1DFD90D500A022E7 /* AppDelegate.swift */; };
		739B7FED1DFD90D500A022E7 /* GameScene.sks in Resources */ = {isa = PBXBuildFile; fileRef = 739B7FEC1DFD90D500A022E7 /* GameScene.sks */; };
		739B7FF11DFD90D500A022E7 /* MainMenu.swift in Sources */ = {isa = PBXBuildFile; fileRef = 739B7FF01DFD90D500A022E7 /* MainMenu.swift */; };
		739B7FF31DFD90D500A022E7 /* GameViewController.swift in Sources */ = {isa = PBXBuildFile; fileRef = 739B7FF21DFD90D500A022E7 /* GameViewController.swift */; };
		739B7FF61DFD90D500A022E7 /* Main.storyboard in Resources */ = {isa = PBXBuildFile; fileRef = 739B7FF41DFD90D500A022E7 /* Main.storyboard */; };
		739B7FFB1DFD90D500A022E7 /* LaunchScreen.storyboard in Resources */ = {isa = PBXBuildFile; fileRef = 739B7FF91DFD90D500A022E7 /* LaunchScreen.storyboard */; };
		739B80061DFD90D600A022E7 /* Bird_CrapTests.swift in Sources */ = {isa = PBXBuildFile; fileRef = 739B80051DFD90D600A022E7 /* Bird_CrapTests.swift */; };
		739B80111DFD90D600A022E7 /* Bird_CrapUITests.swift in Sources */ = {isa = PBXBuildFile; fileRef = 739B80101DFD90D600A022E7 /* Bird_CrapUITests.swift */; };
		739B80211DFDA3CD00A022E7 /* Assets.xcassets in Resources */ = {isa = PBXBuildFile; fileRef = 739B80201DFDA3CD00A022E7 /* Assets.xcassets */; };
		739B80231DFDB29600A022E7 /* bgMusic.mp3 in Resources */ = {isa = PBXBuildFile; fileRef = 739B80221DFDB29600A022E7 /* bgMusic.mp3 */; };
		739B80261DFDC1EF00A022E7 /* IndieFlower.ttf in Resources */ = {isa = PBXBuildFile; fileRef = 739B80251DFDC1EF00A022E7 /* IndieFlower.ttf */; };
		739B80281DFDE7FC00A022E7 /* buttonClick.mp3 in Resources */ = {isa = PBXBuildFile; fileRef = 739B80271DFDE7FC00A022E7 /* buttonClick.mp3 */; };
		73A5955C1E2AA390007106F0 /* WifiSystemConfig.swift in Sources */ = {isa = PBXBuildFile; fileRef = 73A5955B1E2AA390007106F0 /* WifiSystemConfig.swift */; };
		73A5955E1E2AA46B007106F0 /* LoadingScreen.swift in Sources */ = {isa = PBXBuildFile; fileRef = 73A5955D1E2AA46B007106F0 /* LoadingScreen.swift */; };
		73C5DAC91E0861DC00979815 /* TouchManager.swift in Sources */ = {isa = PBXBuildFile; fileRef = 73C5DAC81E0861DC00979815 /* TouchManager.swift */; };
		73D36CD51E32C320003B2DB2 /* Camera.swift in Sources */ = {isa = PBXBuildFile; fileRef = 73D36CD41E32C320003B2DB2 /* Camera.swift */; };
		73D36CD91E33884D003B2DB2 /* ArrowClass.swift in Sources */ = {isa = PBXBuildFile; fileRef = 73D36CD81E33884D003B2DB2 /* ArrowClass.swift */; };
		73D36CDB1E33B908003B2DB2 /* CalendarCreator.swift in Sources */ = {isa = PBXBuildFile; fileRef = 73D36CDA1E33B908003B2DB2 /* CalendarCreator.swift */; };
		73D36CDD1E351283003B2DB2 /* UsersDataKeyValues.swift in Sources */ = {isa = PBXBuildFile; fileRef = 73D36CDC1E351283003B2DB2 /* UsersDataKeyValues.swift */; };
		73DEB3831E2593F3008E85DF /* CloseDoorSoundEffect.mp3 in Resources */ = {isa = PBXBuildFile; fileRef = 73DEB3811E2593F3008E85DF /* CloseDoorSoundEffect.mp3 */; };
		73DEB3841E2593F3008E85DF /* OpenDoorSoundEffect.mp3 in Resources */ = {isa = PBXBuildFile; fileRef = 73DEB3821E2593F3008E85DF /* OpenDoorSoundEffect.mp3 */; };
		73DEB3861E259A1F008E85DF /* HouseScene.swift in Sources */ = {isa = PBXBuildFile; fileRef = 73DEB3851E259A1F008E85DF /* HouseScene.swift */; };
		73F09EAC1E357560009E2B35 /* CreateGrandpa.swift in Sources */ = {isa = PBXBuildFile; fileRef = 73F09EAB1E357560009E2B35 /* CreateGrandpa.swift */; };
		73F5745C1E2D409F00385D25 /* UserDataFirebase.swift in Sources */ = {isa = PBXBuildFile; fileRef = 73F5745B1E2D409F00385D25 /* UserDataFirebase.swift */; };
		73FDE9691E2D3B980097A16F /* GoogleService-Info.plist in Resources */ = {isa = PBXBuildFile; fileRef = 73FDE9681E2D3B980097A16F /* GoogleService-Info.plist */; };
/* End PBXBuildFile section */

/* Begin PBXContainerItemProxy section */
		739B80021DFD90D500A022E7 /* PBXContainerItemProxy */ = {
			isa = PBXContainerItemProxy;
			containerPortal = 739B7FDF1DFD90D500A022E7 /* Project object */;
			proxyType = 1;
			remoteGlobalIDString = 739B7FE61DFD90D500A022E7;
			remoteInfo = "Bird Crap";
		};
		739B800D1DFD90D600A022E7 /* PBXContainerItemProxy */ = {
			isa = PBXContainerItemProxy;
			containerPortal = 739B7FDF1DFD90D500A022E7 /* Project object */;
			proxyType = 1;
			remoteGlobalIDString = 739B7FE61DFD90D500A022E7;
			remoteInfo = "Bird Crap";
		};
/* End PBXContainerItemProxy section */

/* Begin PBXFileReference section */
		194FAC302ADA416F816299FB /* Pods_Bird_CrapTests.framework */ = {isa = PBXFileReference; explicitFileType = wrapper.framework; includeInIndex = 0; path = Pods_Bird_CrapTests.framework; sourceTree = BUILT_PRODUCTS_DIR; };
		734726021E00732200B0E892 /* Cloud.swift */ = {isa = PBXFileReference; fileEncoding = 4; lastKnownFileType = sourcecode.swift; path = Cloud.swift; sourceTree = "<group>"; };
		734726091E0085B600B0E892 /* Character.swift */ = {isa = PBXFileReference; fileEncoding = 4; lastKnownFileType = sourcecode.swift; path = Character.swift; sourceTree = "<group>"; };
		7347260B1E00892900B0E892 /* SoundManager.swift */ = {isa = PBXFileReference; fileEncoding = 4; lastKnownFileType = sourcecode.swift; path = SoundManager.swift; sourceTree = "<group>"; };
		7347260D1E00970C00B0E892 /* Sun.swift */ = {isa = PBXFileReference; fileEncoding = 4; lastKnownFileType = sourcecode.swift; path = Sun.swift; sourceTree = "<group>"; };
		734726111E00A8E200B0E892 /* MenuButton.swift */ = {isa = PBXFileReference; fileEncoding = 4; lastKnownFileType = sourcecode.swift; path = MenuButton.swift; sourceTree = "<group>"; };
		734726131E00B76300B0E892 /* GameManager.swift */ = {isa = PBXFileReference; fileEncoding = 4; lastKnownFileType = sourcecode.swift; path = GameManager.swift; sourceTree = "<group>"; };
		734726151E00C7D400B0E892 /* CreditsPage.swift */ = {isa = PBXFileReference; fileEncoding = 4; lastKnownFileType = sourcecode.swift; path = CreditsPage.swift; sourceTree = "<group>"; };
		734726171E00CDBB00B0E892 /* SpriteCreator.swift */ = {isa = PBXFileReference; fileEncoding = 4; lastKnownFileType = sourcecode.swift; path = SpriteCreator.swift; sourceTree = "<group>"; };
		734726191E00D2A400B0E892 /* AnimationEditor.swift */ = {isa = PBXFileReference; fileEncoding = 4; lastKnownFileType = sourcecode.swift; path = AnimationEditor.swift; sourceTree = "<group>"; };
		734D9E3D1E2EE66300046D87 /* CheckWifiStatus.swift */ = {isa = PBXFileReference; fileEncoding = 4; lastKnownFileType = sourcecode.swift; path = CheckWifiStatus.swift; sourceTree = "<group>"; };
		7361E2B41E01C6E100705A80 /* MenuBillboard.swift */ = {isa = PBXFileReference; fileEncoding = 4; lastKnownFileType = sourcecode.swift; path = MenuBillboard.swift; sourceTree = "<group>"; };
		736AF54A1E369B7D002C9AC0 /* CalendarMonths.swift */ = {isa = PBXFileReference; fileEncoding = 4; lastKnownFileType = sourcecode.swift; path = CalendarMonths.swift; sourceTree = "<group>"; };
		739B7FE71DFD90D500A022E7 /* Bird Crap.app */ = {isa = PBXFileReference; explicitFileType = wrapper.application; includeInIndex = 0; path = "Bird Crap.app"; sourceTree = BUILT_PRODUCTS_DIR; };
		739B7FEA1DFD90D500A022E7 /* AppDelegate.swift */ = {isa = PBXFileReference; lastKnownFileType = sourcecode.swift; path = AppDelegate.swift; sourceTree = "<group>"; };
		739B7FEC1DFD90D500A022E7 /* GameScene.sks */ = {isa = PBXFileReference; lastKnownFileType = file.sks; path = GameScene.sks; sourceTree = "<group>"; };
		739B7FF01DFD90D500A022E7 /* MainMenu.swift */ = {isa = PBXFileReference; lastKnownFileType = sourcecode.swift; path = MainMenu.swift; sourceTree = "<group>"; };
		739B7FF21DFD90D500A022E7 /* GameViewController.swift */ = {isa = PBXFileReference; lastKnownFileType = sourcecode.swift; path = GameViewController.swift; sourceTree = "<group>"; };
		739B7FF51DFD90D500A022E7 /* Base */ = {isa = PBXFileReference; lastKnownFileType = file.storyboard; name = Base; path = Base.lproj/Main.storyboard; sourceTree = "<group>"; };
		739B7FFA1DFD90D500A022E7 /* Base */ = {isa = PBXFileReference; lastKnownFileType = file.storyboard; name = Base; path = Base.lproj/LaunchScreen.storyboard; sourceTree = "<group>"; };
		739B7FFC1DFD90D500A022E7 /* Info.plist */ = {isa = PBXFileReference; lastKnownFileType = text.plist.xml; path = Info.plist; sourceTree = "<group>"; };
		739B80011DFD90D500A022E7 /* Bird CrapTests.xctest */ = {isa = PBXFileReference; explicitFileType = wrapper.cfbundle; includeInIndex = 0; path = "Bird CrapTests.xctest"; sourceTree = BUILT_PRODUCTS_DIR; };
		739B80051DFD90D600A022E7 /* Bird_CrapTests.swift */ = {isa = PBXFileReference; lastKnownFileType = sourcecode.swift; path = Bird_CrapTests.swift; sourceTree = "<group>"; };
		739B80071DFD90D600A022E7 /* Info.plist */ = {isa = PBXFileReference; lastKnownFileType = text.plist.xml; path = Info.plist; sourceTree = "<group>"; };
		739B800C1DFD90D600A022E7 /* Bird CrapUITests.xctest */ = {isa = PBXFileReference; explicitFileType = wrapper.cfbundle; includeInIndex = 0; path = "Bird CrapUITests.xctest"; sourceTree = BUILT_PRODUCTS_DIR; };
		739B80101DFD90D600A022E7 /* Bird_CrapUITests.swift */ = {isa = PBXFileReference; lastKnownFileType = sourcecode.swift; path = Bird_CrapUITests.swift; sourceTree = "<group>"; };
		739B80121DFD90D600A022E7 /* Info.plist */ = {isa = PBXFileReference; lastKnownFileType = text.plist.xml; path = Info.plist; sourceTree = "<group>"; };
		739B80201DFDA3CD00A022E7 /* Assets.xcassets */ = {isa = PBXFileReference; lastKnownFileType = folder.assetcatalog; path = Assets.xcassets; sourceTree = "<group>"; };
		739B80221DFDB29600A022E7 /* bgMusic.mp3 */ = {isa = PBXFileReference; lastKnownFileType = audio.mp3; path = bgMusic.mp3; sourceTree = "<group>"; };
		739B80251DFDC1EF00A022E7 /* IndieFlower.ttf */ = {isa = PBXFileReference; lastKnownFileType = file; path = IndieFlower.ttf; sourceTree = "<group>"; };
		739B80271DFDE7FC00A022E7 /* buttonClick.mp3 */ = {isa = PBXFileReference; lastKnownFileType = audio.mp3; path = buttonClick.mp3; sourceTree = "<group>"; };
		73A5955B1E2AA390007106F0 /* WifiSystemConfig.swift */ = {isa = PBXFileReference; fileEncoding = 4; lastKnownFileType = sourcecode.swift; name = WifiSystemConfig.swift; path = ../WifiSystemConfig.swift; sourceTree = "<group>"; };
		73A5955D1E2AA46B007106F0 /* LoadingScreen.swift */ = {isa = PBXFileReference; fileEncoding = 4; lastKnownFileType = sourcecode.swift; path = LoadingScreen.swift; sourceTree = "<group>"; };
		73C5DAC81E0861DC00979815 /* TouchManager.swift */ = {isa = PBXFileReference; fileEncoding = 4; lastKnownFileType = sourcecode.swift; path = TouchManager.swift; sourceTree = "<group>"; };
		73D36CD41E32C320003B2DB2 /* Camera.swift */ = {isa = PBXFileReference; fileEncoding = 4; lastKnownFileType = sourcecode.swift; path = Camera.swift; sourceTree = "<group>"; };
		73D36CD81E33884D003B2DB2 /* ArrowClass.swift */ = {isa = PBXFileReference; fileEncoding = 4; lastKnownFileType = sourcecode.swift; path = ArrowClass.swift; sourceTree = "<group>"; };
		73D36CDA1E33B908003B2DB2 /* CalendarCreator.swift */ = {isa = PBXFileReference; fileEncoding = 4; lastKnownFileType = sourcecode.swift; path = CalendarCreator.swift; sourceTree = "<group>"; };
		73D36CDC1E351283003B2DB2 /* UsersDataKeyValues.swift */ = {isa = PBXFileReference; fileEncoding = 4; lastKnownFileType = sourcecode.swift; path = UsersDataKeyValues.swift; sourceTree = "<group>"; };
		73DEB3811E2593F3008E85DF /* CloseDoorSoundEffect.mp3 */ = {isa = PBXFileReference; lastKnownFileType = audio.mp3; path = CloseDoorSoundEffect.mp3; sourceTree = "<group>"; };
		73DEB3821E2593F3008E85DF /* OpenDoorSoundEffect.mp3 */ = {isa = PBXFileReference; lastKnownFileType = audio.mp3; path = OpenDoorSoundEffect.mp3; sourceTree = "<group>"; };
		73DEB3851E259A1F008E85DF /* HouseScene.swift */ = {isa = PBXFileReference; fileEncoding = 4; lastKnownFileType = sourcecode.swift; path = HouseScene.swift; sourceTree = "<group>"; };
		73F09EAB1E357560009E2B35 /* CreateGrandpa.swift */ = {isa = PBXFileReference; fileEncoding = 4; lastKnownFileType = sourcecode.swift; path = CreateGrandpa.swift; sourceTree = "<group>"; };
		73F5745B1E2D409F00385D25 /* UserDataFirebase.swift */ = {isa = PBXFileReference; fileEncoding = 4; lastKnownFileType = sourcecode.swift; path = UserDataFirebase.swift; sourceTree = "<group>"; };
		73FDE9681E2D3B980097A16F /* GoogleService-Info.plist */ = {isa = PBXFileReference; fileEncoding = 4; lastKnownFileType = text.plist.xml; path = "GoogleService-Info.plist"; sourceTree = "<group>"; };
		82AB2A3B665286ADD88A3BE9 /* Pods_Bird_Crap.framework */ = {isa = PBXFileReference; explicitFileType = wrapper.framework; includeInIndex = 0; path = Pods_Bird_Crap.framework; sourceTree = BUILT_PRODUCTS_DIR; };
		98AE4FD19C9B8D69FF10BB9B /* Pods-Bird Crap.debug.xcconfig */ = {isa = PBXFileReference; includeInIndex = 1; lastKnownFileType = text.xcconfig; name = "Pods-Bird Crap.debug.xcconfig"; path = "Pods/Target Support Files/Pods-Bird Crap/Pods-Bird Crap.debug.xcconfig"; sourceTree = "<group>"; };
		D2A2A248E5D0157C8910FB79 /* Pods_Bird_CrapUITests.framework */ = {isa = PBXFileReference; explicitFileType = wrapper.framework; includeInIndex = 0; path = Pods_Bird_CrapUITests.framework; sourceTree = BUILT_PRODUCTS_DIR; };
		F846EB60131AA50AFCF58F59 /* Pods-Bird Crap.release.xcconfig */ = {isa = PBXFileReference; includeInIndex = 1; lastKnownFileType = text.xcconfig; name = "Pods-Bird Crap.release.xcconfig"; path = "Pods/Target Support Files/Pods-Bird Crap/Pods-Bird Crap.release.xcconfig"; sourceTree = "<group>"; };
/* End PBXFileReference section */

/* Begin PBXFrameworksBuildPhase section */
		739B7FE41DFD90D500A022E7 /* Frameworks */ = {
			isa = PBXFrameworksBuildPhase;
			buildActionMask = 2147483647;
			files = (
				1661240A41073E732A4C804C /* Pods_Bird_Crap.framework in Frameworks */,
			);
			runOnlyForDeploymentPostprocessing = 0;
		};
		739B7FFE1DFD90D500A022E7 /* Frameworks */ = {
			isa = PBXFrameworksBuildPhase;
			buildActionMask = 2147483647;
			files = (
			);
			runOnlyForDeploymentPostprocessing = 0;
		};
		739B80091DFD90D600A022E7 /* Frameworks */ = {
			isa = PBXFrameworksBuildPhase;
			buildActionMask = 2147483647;
			files = (
			);
			runOnlyForDeploymentPostprocessing = 0;
		};
/* End PBXFrameworksBuildPhase section */

/* Begin PBXGroup section */
		314813B5A95B1DB05B312E0A /* Frameworks */ = {
			isa = PBXGroup;
			children = (
				82AB2A3B665286ADD88A3BE9 /* Pods_Bird_Crap.framework */,
				194FAC302ADA416F816299FB /* Pods_Bird_CrapTests.framework */,
				D2A2A248E5D0157C8910FB79 /* Pods_Bird_CrapUITests.framework */,
			);
			name = Frameworks;
			sourceTree = "<group>";
		};
		3AA4EC722C8557C3AF6D9505 /* Pods */ = {
			isa = PBXGroup;
			children = (
				98AE4FD19C9B8D69FF10BB9B /* Pods-Bird Crap.debug.xcconfig */,
				F846EB60131AA50AFCF58F59 /* Pods-Bird Crap.release.xcconfig */,
			);
			name = Pods;
			sourceTree = "<group>";
		};
		734725FC1E006DFC00B0E892 /* AppDelegate */ = {
			isa = PBXGroup;
			children = (
				739B7FEA1DFD90D500A022E7 /* AppDelegate.swift */,
			);
			name = AppDelegate;
			sourceTree = "<group>";
		};
		734725FD1E006E0C00B0E892 /* Scenes */ = {
			isa = PBXGroup;
			children = (
				73A5955D1E2AA46B007106F0 /* LoadingScreen.swift */,
				739B7FF01DFD90D500A022E7 /* MainMenu.swift */,
				73DEB3851E259A1F008E85DF /* HouseScene.swift */,
			);
			name = Scenes;
			sourceTree = "<group>";
		};
		734725FE1E006E2000B0E892 /* ViewControllers */ = {
			isa = PBXGroup;
			children = (
				739B7FF21DFD90D500A022E7 /* GameViewController.swift */,
			);
			name = ViewControllers;
			sourceTree = "<group>";
		};
		734725FF1E006E2F00B0E892 /* SKS */ = {
			isa = PBXGroup;
			children = (
				739B7FEC1DFD90D500A022E7 /* GameScene.sks */,
			);
			name = SKS;
			sourceTree = "<group>";
		};
		734726001E006E3B00B0E892 /* Other */ = {
			isa = PBXGroup;
			children = (
				73FDE9681E2D3B980097A16F /* GoogleService-Info.plist */,
				739B7FF41DFD90D500A022E7 /* Main.storyboard */,
				739B7FF91DFD90D500A022E7 /* LaunchScreen.storyboard */,
			);
			name = Other;
			sourceTree = "<group>";
		};
		734726011E006E5600B0E892 /* Resources */ = {
			isa = PBXGroup;
			children = (
				739B80201DFDA3CD00A022E7 /* Assets.xcassets */,
				739B80251DFDC1EF00A022E7 /* IndieFlower.ttf */,
				73DEB3811E2593F3008E85DF /* CloseDoorSoundEffect.mp3 */,
				73DEB3821E2593F3008E85DF /* OpenDoorSoundEffect.mp3 */,
				739B80221DFDB29600A022E7 /* bgMusic.mp3 */,
				739B80271DFDE7FC00A022E7 /* buttonClick.mp3 */,
			);
			name = Resources;
			sourceTree = "<group>";
		};
		734726041E00739C00B0E892 /* Classes */ = {
			isa = PBXGroup;
			children = (
				73F09EAB1E357560009E2B35 /* CreateGrandpa.swift */,
				73D36CDA1E33B908003B2DB2 /* CalendarCreator.swift */,
				73D36CD41E32C320003B2DB2 /* Camera.swift */,
				734726091E0085B600B0E892 /* Character.swift */,
				73D36CD81E33884D003B2DB2 /* ArrowClass.swift */,
				73A5955B1E2AA390007106F0 /* WifiSystemConfig.swift */,
				734D9E3D1E2EE66300046D87 /* CheckWifiStatus.swift */,
				734726021E00732200B0E892 /* Cloud.swift */,
				7347260B1E00892900B0E892 /* SoundManager.swift */,
				7347260D1E00970C00B0E892 /* Sun.swift */,
				734726111E00A8E200B0E892 /* MenuButton.swift */,
				73C5DAC81E0861DC00979815 /* TouchManager.swift */,
				734726131E00B76300B0E892 /* GameManager.swift */,
				736AF54A1E369B7D002C9AC0 /* CalendarMonths.swift */,
				7361E2B41E01C6E100705A80 /* MenuBillboard.swift */,
				734726151E00C7D400B0E892 /* CreditsPage.swift */,
				734726171E00CDBB00B0E892 /* SpriteCreator.swift */,
				734726191E00D2A400B0E892 /* AnimationEditor.swift */,
				73F5745B1E2D409F00385D25 /* UserDataFirebase.swift */,
				73D36CDC1E351283003B2DB2 /* UsersDataKeyValues.swift */,
			);
			name = Classes;
			sourceTree = "<group>";
		};
		739B7FDE1DFD90D500A022E7 = {
			isa = PBXGroup;
			children = (
				739B7FE91DFD90D500A022E7 /* Bird Crap */,
				739B80041DFD90D600A022E7 /* Bird CrapTests */,
				739B800F1DFD90D600A022E7 /* Bird CrapUITests */,
				739B7FE81DFD90D500A022E7 /* Products */,
				3AA4EC722C8557C3AF6D9505 /* Pods */,
				314813B5A95B1DB05B312E0A /* Frameworks */,
			);
			sourceTree = "<group>";
		};
		739B7FE81DFD90D500A022E7 /* Products */ = {
			isa = PBXGroup;
			children = (
				739B7FE71DFD90D500A022E7 /* Bird Crap.app */,
				739B80011DFD90D500A022E7 /* Bird CrapTests.xctest */,
				739B800C1DFD90D600A022E7 /* Bird CrapUITests.xctest */,
			);
			name = Products;
			sourceTree = "<group>";
		};
		739B7FE91DFD90D500A022E7 /* Bird Crap */ = {
			isa = PBXGroup;
			children = (
				734726041E00739C00B0E892 /* Classes */,
				734725FC1E006DFC00B0E892 /* AppDelegate */,
				734726001E006E3B00B0E892 /* Other */,
				734725FF1E006E2F00B0E892 /* SKS */,
				734725FE1E006E2000B0E892 /* ViewControllers */,
				734725FD1E006E0C00B0E892 /* Scenes */,
				734726011E006E5600B0E892 /* Resources */,
				739B7FFC1DFD90D500A022E7 /* Info.plist */,
			);
			path = "Bird Crap";
			sourceTree = "<group>";
		};
		739B80041DFD90D600A022E7 /* Bird CrapTests */ = {
			isa = PBXGroup;
			children = (
				739B80051DFD90D600A022E7 /* Bird_CrapTests.swift */,
				739B80071DFD90D600A022E7 /* Info.plist */,
			);
			path = "Bird CrapTests";
			sourceTree = "<group>";
		};
		739B800F1DFD90D600A022E7 /* Bird CrapUITests */ = {
			isa = PBXGroup;
			children = (
				739B80101DFD90D600A022E7 /* Bird_CrapUITests.swift */,
				739B80121DFD90D600A022E7 /* Info.plist */,
			);
			path = "Bird CrapUITests";
			sourceTree = "<group>";
		};
/* End PBXGroup section */

/* Begin PBXNativeTarget section */
		739B7FE61DFD90D500A022E7 /* Bird Crap */ = {
			isa = PBXNativeTarget;
			buildConfigurationList = 739B80151DFD90D600A022E7 /* Build configuration list for PBXNativeTarget "Bird Crap" */;
			buildPhases = (
				0F6139518DBFEAFE41ED2763 /* [CP] Check Pods Manifest.lock */,
				739B7FE31DFD90D500A022E7 /* Sources */,
				739B7FE41DFD90D500A022E7 /* Frameworks */,
				739B7FE51DFD90D500A022E7 /* Resources */,
				ED604629D18B8620A48CAC94 /* [CP] Embed Pods Frameworks */,
				C957BA67A4437685BF4A6A86 /* [CP] Copy Pods Resources */,
			);
			buildRules = (
			);
			dependencies = (
			);
			name = "Bird Crap";
			productName = "Bird Crap";
			productReference = 739B7FE71DFD90D500A022E7 /* Bird Crap.app */;
			productType = "com.apple.product-type.application";
		};
		739B80001DFD90D500A022E7 /* Bird CrapTests */ = {
			isa = PBXNativeTarget;
			buildConfigurationList = 739B80181DFD90D600A022E7 /* Build configuration list for PBXNativeTarget "Bird CrapTests" */;
			buildPhases = (
				739B7FFD1DFD90D500A022E7 /* Sources */,
				739B7FFE1DFD90D500A022E7 /* Frameworks */,
				739B7FFF1DFD90D500A022E7 /* Resources */,
			);
			buildRules = (
			);
			dependencies = (
				739B80031DFD90D500A022E7 /* PBXTargetDependency */,
			);
			name = "Bird CrapTests";
			productName = "Bird CrapTests";
			productReference = 739B80011DFD90D500A022E7 /* Bird CrapTests.xctest */;
			productType = "com.apple.product-type.bundle.unit-test";
		};
		739B800B1DFD90D600A022E7 /* Bird CrapUITests */ = {
			isa = PBXNativeTarget;
			buildConfigurationList = 739B801B1DFD90D600A022E7 /* Build configuration list for PBXNativeTarget "Bird CrapUITests" */;
			buildPhases = (
				739B80081DFD90D600A022E7 /* Sources */,
				739B80091DFD90D600A022E7 /* Frameworks */,
				739B800A1DFD90D600A022E7 /* Resources */,
			);
			buildRules = (
			);
			dependencies = (
				739B800E1DFD90D600A022E7 /* PBXTargetDependency */,
			);
			name = "Bird CrapUITests";
			productName = "Bird CrapUITests";
			productReference = 739B800C1DFD90D600A022E7 /* Bird CrapUITests.xctest */;
			productType = "com.apple.product-type.bundle.ui-testing";
		};
/* End PBXNativeTarget section */

/* Begin PBXProject section */
		739B7FDF1DFD90D500A022E7 /* Project object */ = {
			isa = PBXProject;
			attributes = {
				LastSwiftUpdateCheck = 0810;
				LastUpgradeCheck = 0820;
				ORGANIZATIONNAME = "Rick Crane";
				TargetAttributes = {
					739B7FE61DFD90D500A022E7 = {
						CreatedOnToolsVersion = 8.1;
						DevelopmentTeam = 79N25RX82N;
						ProvisioningStyle = Automatic;
					};
					739B80001DFD90D500A022E7 = {
						CreatedOnToolsVersion = 8.1;
						DevelopmentTeam = 79N25RX82N;
						ProvisioningStyle = Automatic;
						TestTargetID = 739B7FE61DFD90D500A022E7;
					};
					739B800B1DFD90D600A022E7 = {
						CreatedOnToolsVersion = 8.1;
						DevelopmentTeam = 79N25RX82N;
						ProvisioningStyle = Automatic;
						TestTargetID = 739B7FE61DFD90D500A022E7;
					};
				};
			};
			buildConfigurationList = 739B7FE21DFD90D500A022E7 /* Build configuration list for PBXProject "Bird Crap" */;
			compatibilityVersion = "Xcode 3.2";
			developmentRegion = English;
			hasScannedForEncodings = 0;
			knownRegions = (
				en,
				Base,
			);
			mainGroup = 739B7FDE1DFD90D500A022E7;
			productRefGroup = 739B7FE81DFD90D500A022E7 /* Products */;
			projectDirPath = "";
			projectRoot = "";
			targets = (
				739B7FE61DFD90D500A022E7 /* Bird Crap */,
				739B80001DFD90D500A022E7 /* Bird CrapTests */,
				739B800B1DFD90D600A022E7 /* Bird CrapUITests */,
			);
		};
/* End PBXProject section */

/* Begin PBXResourcesBuildPhase section */
		739B7FE51DFD90D500A022E7 /* Resources */ = {
			isa = PBXResourcesBuildPhase;
			buildActionMask = 2147483647;
			files = (
				73DEB3841E2593F3008E85DF /* OpenDoorSoundEffect.mp3 in Resources */,
				739B7FF61DFD90D500A022E7 /* Main.storyboard in Resources */,
				739B7FED1DFD90D500A022E7 /* GameScene.sks in Resources */,
				739B80231DFDB29600A022E7 /* bgMusic.mp3 in Resources */,
				739B80211DFDA3CD00A022E7 /* Assets.xcassets in Resources */,
				739B80281DFDE7FC00A022E7 /* buttonClick.mp3 in Resources */,
				739B7FFB1DFD90D500A022E7 /* LaunchScreen.storyboard in Resources */,
				73FDE9691E2D3B980097A16F /* GoogleService-Info.plist in Resources */,
				73DEB3831E2593F3008E85DF /* CloseDoorSoundEffect.mp3 in Resources */,
				739B80261DFDC1EF00A022E7 /* IndieFlower.ttf in Resources */,
			);
			runOnlyForDeploymentPostprocessing = 0;
		};
		739B7FFF1DFD90D500A022E7 /* Resources */ = {
			isa = PBXResourcesBuildPhase;
			buildActionMask = 2147483647;
			files = (
			);
			runOnlyForDeploymentPostprocessing = 0;
		};
		739B800A1DFD90D600A022E7 /* Resources */ = {
			isa = PBXResourcesBuildPhase;
			buildActionMask = 2147483647;
			files = (
			);
			runOnlyForDeploymentPostprocessing = 0;
		};
/* End PBXResourcesBuildPhase section */

/* Begin PBXShellScriptBuildPhase section */
		0F6139518DBFEAFE41ED2763 /* [CP] Check Pods Manifest.lock */ = {
			isa = PBXShellScriptBuildPhase;
			buildActionMask = 2147483647;
			files = (
			);
			inputPaths = (
			);
			name = "[CP] Check Pods Manifest.lock";
			outputPaths = (
			);
			runOnlyForDeploymentPostprocessing = 0;
			shellPath = /bin/sh;
			shellScript = "diff \"${PODS_ROOT}/../Podfile.lock\" \"${PODS_ROOT}/Manifest.lock\" > /dev/null\nif [ $? != 0 ] ; then\n    # print error to STDERR\n    echo \"error: The sandbox is not in sync with the Podfile.lock. Run 'pod install' or update your CocoaPods installation.\" >&2\n    exit 1\nfi\n";
			showEnvVarsInLog = 0;
		};
		C957BA67A4437685BF4A6A86 /* [CP] Copy Pods Resources */ = {
			isa = PBXShellScriptBuildPhase;
			buildActionMask = 2147483647;
			files = (
			);
			inputPaths = (
			);
			name = "[CP] Copy Pods Resources";
			outputPaths = (
			);
			runOnlyForDeploymentPostprocessing = 0;
			shellPath = /bin/sh;
			shellScript = "\"${SRCROOT}/Pods/Target Support Files/Pods-Bird Crap/Pods-Bird Crap-resources.sh\"\n";
			showEnvVarsInLog = 0;
		};
		ED604629D18B8620A48CAC94 /* [CP] Embed Pods Frameworks */ = {
			isa = PBXShellScriptBuildPhase;
			buildActionMask = 2147483647;
			files = (
			);
			inputPaths = (
			);
			name = "[CP] Embed Pods Frameworks";
			outputPaths = (
			);
			runOnlyForDeploymentPostprocessing = 0;
			shellPath = /bin/sh;
			shellScript = "\"${SRCROOT}/Pods/Target Support Files/Pods-Bird Crap/Pods-Bird Crap-frameworks.sh\"\n";
			showEnvVarsInLog = 0;
		};
/* End PBXShellScriptBuildPhase section */

/* Begin PBXSourcesBuildPhase section */
		739B7FE31DFD90D500A022E7 /* Sources */ = {
			isa = PBXSourcesBuildPhase;
			buildActionMask = 2147483647;
			files = (
				739B7FF11DFD90D500A022E7 /* MainMenu.swift in Sources */,
				73D36CD91E33884D003B2DB2 /* ArrowClass.swift in Sources */,
				7347260C1E00892900B0E892 /* SoundManager.swift in Sources */,
				7347260E1E00970C00B0E892 /* Sun.swift in Sources */,
				73F5745C1E2D409F00385D25 /* UserDataFirebase.swift in Sources */,
				73A5955C1E2AA390007106F0 /* WifiSystemConfig.swift in Sources */,
				73D36CD51E32C320003B2DB2 /* Camera.swift in Sources */,
				7347260A1E0085B600B0E892 /* Character.swift in Sources */,
				73A5955E1E2AA46B007106F0 /* LoadingScreen.swift in Sources */,
				73D36CDB1E33B908003B2DB2 /* CalendarCreator.swift in Sources */,
				73DEB3861E259A1F008E85DF /* HouseScene.swift in Sources */,
				734726031E00732200B0E892 /* Cloud.swift in Sources */,
				739B7FF31DFD90D500A022E7 /* GameViewController.swift in Sources */,
				734726121E00A8E200B0E892 /* MenuButton.swift in Sources */,
				736AF54B1E369B7D002C9AC0 /* CalendarMonths.swift in Sources */,
				73C5DAC91E0861DC00979815 /* TouchManager.swift in Sources */,
				73F09EAC1E357560009E2B35 /* CreateGrandpa.swift in Sources */,
				7361E2B51E01C6E100705A80 /* MenuBillboard.swift in Sources */,
				734D9E3E1E2EE66300046D87 /* CheckWifiStatus.swift in Sources */,
				739B7FEB1DFD90D500A022E7 /* AppDelegate.swift in Sources */,
				734726161E00C7D400B0E892 /* CreditsPage.swift in Sources */,
				734726141E00B76300B0E892 /* GameManager.swift in Sources */,
				734726181E00CDBB00B0E892 /* SpriteCreator.swift in Sources */,
				73D36CDD1E351283003B2DB2 /* UsersDataKeyValues.swift in Sources */,
				7347261A1E00D2A400B0E892 /* AnimationEditor.swift in Sources */,
			);
			runOnlyForDeploymentPostprocessing = 0;
		};
		739B7FFD1DFD90D500A022E7 /* Sources */ = {
			isa = PBXSourcesBuildPhase;
			buildActionMask = 2147483647;
			files = (
				739B80061DFD90D600A022E7 /* Bird_CrapTests.swift in Sources */,
			);
			runOnlyForDeploymentPostprocessing = 0;
		};
		739B80081DFD90D600A022E7 /* Sources */ = {
			isa = PBXSourcesBuildPhase;
			buildActionMask = 2147483647;
			files = (
				739B80111DFD90D600A022E7 /* Bird_CrapUITests.swift in Sources */,
			);
			runOnlyForDeploymentPostprocessing = 0;
		};
/* End PBXSourcesBuildPhase section */

/* Begin PBXTargetDependency section */
		739B80031DFD90D500A022E7 /* PBXTargetDependency */ = {
			isa = PBXTargetDependency;
			target = 739B7FE61DFD90D500A022E7 /* Bird Crap */;
			targetProxy = 739B80021DFD90D500A022E7 /* PBXContainerItemProxy */;
		};
		739B800E1DFD90D600A022E7 /* PBXTargetDependency */ = {
			isa = PBXTargetDependency;
			target = 739B7FE61DFD90D500A022E7 /* Bird Crap */;
			targetProxy = 739B800D1DFD90D600A022E7 /* PBXContainerItemProxy */;
		};
/* End PBXTargetDependency section */

/* Begin PBXVariantGroup section */
		739B7FF41DFD90D500A022E7 /* Main.storyboard */ = {
			isa = PBXVariantGroup;
			children = (
				739B7FF51DFD90D500A022E7 /* Base */,
			);
			name = Main.storyboard;
			sourceTree = "<group>";
		};
		739B7FF91DFD90D500A022E7 /* LaunchScreen.storyboard */ = {
			isa = PBXVariantGroup;
			children = (
				739B7FFA1DFD90D500A022E7 /* Base */,
			);
			name = LaunchScreen.storyboard;
			sourceTree = "<group>";
		};
/* End PBXVariantGroup section */

/* Begin XCBuildConfiguration section */
		739B80131DFD90D600A022E7 /* Debug */ = {
			isa = XCBuildConfiguration;
			buildSettings = {
				ALWAYS_SEARCH_USER_PATHS = NO;
				CLANG_ANALYZER_NONNULL = YES;
				CLANG_CXX_LANGUAGE_STANDARD = "gnu++0x";
				CLANG_CXX_LIBRARY = "libc++";
				CLANG_ENABLE_MODULES = YES;
				CLANG_ENABLE_OBJC_ARC = YES;
				CLANG_WARN_BOOL_CONVERSION = YES;
				CLANG_WARN_CONSTANT_CONVERSION = YES;
				CLANG_WARN_DIRECT_OBJC_ISA_USAGE = YES_ERROR;
				CLANG_WARN_DOCUMENTATION_COMMENTS = YES;
				CLANG_WARN_EMPTY_BODY = YES;
				CLANG_WARN_ENUM_CONVERSION = YES;
				CLANG_WARN_INFINITE_RECURSION = YES;
				CLANG_WARN_INT_CONVERSION = YES;
				CLANG_WARN_OBJC_ROOT_CLASS = YES_ERROR;
				CLANG_WARN_SUSPICIOUS_MOVE = YES;
				CLANG_WARN_SUSPICIOUS_MOVES = YES;
				CLANG_WARN_UNREACHABLE_CODE = YES;
				CLANG_WARN__DUPLICATE_METHOD_MATCH = YES;
				"CODE_SIGN_IDENTITY[sdk=iphoneos*]" = "iPhone Developer";
				COPY_PHASE_STRIP = NO;
				DEBUG_INFORMATION_FORMAT = dwarf;
				ENABLE_STRICT_OBJC_MSGSEND = YES;
				ENABLE_TESTABILITY = YES;
				GCC_C_LANGUAGE_STANDARD = gnu99;
				GCC_DYNAMIC_NO_PIC = NO;
				GCC_NO_COMMON_BLOCKS = YES;
				GCC_OPTIMIZATION_LEVEL = 0;
				GCC_PREPROCESSOR_DEFINITIONS = (
					"DEBUG=1",
					"$(inherited)",
				);
				GCC_WARN_64_TO_32_BIT_CONVERSION = YES;
				GCC_WARN_ABOUT_RETURN_TYPE = YES_ERROR;
				GCC_WARN_UNDECLARED_SELECTOR = YES;
				GCC_WARN_UNINITIALIZED_AUTOS = YES_AGGRESSIVE;
				GCC_WARN_UNUSED_FUNCTION = YES;
				GCC_WARN_UNUSED_VARIABLE = YES;
				IPHONEOS_DEPLOYMENT_TARGET = 10.1;
				MTL_ENABLE_DEBUG_INFO = YES;
				ONLY_ACTIVE_ARCH = YES;
				SDKROOT = iphoneos;
				SWIFT_ACTIVE_COMPILATION_CONDITIONS = DEBUG;
				SWIFT_OPTIMIZATION_LEVEL = "-Onone";
				TARGETED_DEVICE_FAMILY = "1,2";
			};
			name = Debug;
		};
		739B80141DFD90D600A022E7 /* Release */ = {
			isa = XCBuildConfiguration;
			buildSettings = {
				ALWAYS_SEARCH_USER_PATHS = NO;
				CLANG_ANALYZER_NONNULL = YES;
				CLANG_CXX_LANGUAGE_STANDARD = "gnu++0x";
				CLANG_CXX_LIBRARY = "libc++";
				CLANG_ENABLE_MODULES = YES;
				CLANG_ENABLE_OBJC_ARC = YES;
				CLANG_WARN_BOOL_CONVERSION = YES;
				CLANG_WARN_CONSTANT_CONVERSION = YES;
				CLANG_WARN_DIRECT_OBJC_ISA_USAGE = YES_ERROR;
				CLANG_WARN_DOCUMENTATION_COMMENTS = YES;
				CLANG_WARN_EMPTY_BODY = YES;
				CLANG_WARN_ENUM_CONVERSION = YES;
				CLANG_WARN_INFINITE_RECURSION = YES;
				CLANG_WARN_INT_CONVERSION = YES;
				CLANG_WARN_OBJC_ROOT_CLASS = YES_ERROR;
				CLANG_WARN_SUSPICIOUS_MOVE = YES;
				CLANG_WARN_SUSPICIOUS_MOVES = YES;
				CLANG_WARN_UNREACHABLE_CODE = YES;
				CLANG_WARN__DUPLICATE_METHOD_MATCH = YES;
				"CODE_SIGN_IDENTITY[sdk=iphoneos*]" = "iPhone Developer";
				COPY_PHASE_STRIP = NO;
				DEBUG_INFORMATION_FORMAT = "dwarf-with-dsym";
				ENABLE_NS_ASSERTIONS = NO;
				ENABLE_STRICT_OBJC_MSGSEND = YES;
				GCC_C_LANGUAGE_STANDARD = gnu99;
				GCC_NO_COMMON_BLOCKS = YES;
				GCC_WARN_64_TO_32_BIT_CONVERSION = YES;
				GCC_WARN_ABOUT_RETURN_TYPE = YES_ERROR;
				GCC_WARN_UNDECLARED_SELECTOR = YES;
				GCC_WARN_UNINITIALIZED_AUTOS = YES_AGGRESSIVE;
				GCC_WARN_UNUSED_FUNCTION = YES;
				GCC_WARN_UNUSED_VARIABLE = YES;
				IPHONEOS_DEPLOYMENT_TARGET = 10.1;
				MTL_ENABLE_DEBUG_INFO = NO;
				SDKROOT = iphoneos;
				SWIFT_OPTIMIZATION_LEVEL = "-Owholemodule";
				TARGETED_DEVICE_FAMILY = "1,2";
				VALIDATE_PRODUCT = YES;
			};
			name = Release;
		};
		739B80161DFD90D600A022E7 /* Debug */ = {
			isa = XCBuildConfiguration;
			baseConfigurationReference = 98AE4FD19C9B8D69FF10BB9B /* Pods-Bird Crap.debug.xcconfig */;
			buildSettings = {
				ASSETCATALOG_COMPILER_APPICON_NAME = AppIcon;
				ASSETCATALOG_COMPILER_LAUNCHIMAGE_NAME = LaunchImage;
				DEVELOPMENT_TEAM = 79N25RX82N;
				ENABLE_BITCODE = NO;
				INFOPLIST_FILE = "Bird Crap/Info.plist";
				LD_RUNPATH_SEARCH_PATHS = "$(inherited) @executable_path/Frameworks";
				PRODUCT_BUNDLE_IDENTIFIER = "com.screamjunkies.Bird-Crap";
				PRODUCT_NAME = "$(TARGET_NAME)";
				SWIFT_VERSION = 3.0;
				TARGETED_DEVICE_FAMILY = 1;
			};
			name = Debug;
		};
		739B80171DFD90D600A022E7 /* Release */ = {
			isa = XCBuildConfiguration;
			baseConfigurationReference = F846EB60131AA50AFCF58F59 /* Pods-Bird Crap.release.xcconfig */;
			buildSettings = {
				ASSETCATALOG_COMPILER_APPICON_NAME = AppIcon;
				ASSETCATALOG_COMPILER_LAUNCHIMAGE_NAME = LaunchImage;
				DEVELOPMENT_TEAM = 79N25RX82N;
				ENABLE_BITCODE = NO;
				INFOPLIST_FILE = "Bird Crap/Info.plist";
				LD_RUNPATH_SEARCH_PATHS = "$(inherited) @executable_path/Frameworks";
				PRODUCT_BUNDLE_IDENTIFIER = "com.screamjunkies.Bird-Crap";
				PRODUCT_NAME = "$(TARGET_NAME)";
				SWIFT_VERSION = 3.0;
				TARGETED_DEVICE_FAMILY = 1;
			};
			name = Release;
		};
		739B80191DFD90D600A022E7 /* Debug */ = {
			isa = XCBuildConfiguration;
			buildSettings = {
				ALWAYS_EMBED_SWIFT_STANDARD_LIBRARIES = YES;
				BUNDLE_LOADER = "$(TEST_HOST)";
				DEVELOPMENT_TEAM = 79N25RX82N;
				INFOPLIST_FILE = "Bird CrapTests/Info.plist";
				LD_RUNPATH_SEARCH_PATHS = "$(inherited) @executable_path/Frameworks @loader_path/Frameworks";
				PRODUCT_BUNDLE_IDENTIFIER = "com.screamjunkies.Bird-CrapTests";
				PRODUCT_NAME = "$(TARGET_NAME)";
				SWIFT_VERSION = 3.0;
				TEST_HOST = "$(BUILT_PRODUCTS_DIR)/Bird Crap.app/Bird Crap";
			};
			name = Debug;
		};
		739B801A1DFD90D600A022E7 /* Release */ = {
			isa = XCBuildConfiguration;
			buildSettings = {
				ALWAYS_EMBED_SWIFT_STANDARD_LIBRARIES = YES;
				BUNDLE_LOADER = "$(TEST_HOST)";
				DEVELOPMENT_TEAM = 79N25RX82N;
				INFOPLIST_FILE = "Bird CrapTests/Info.plist";
				LD_RUNPATH_SEARCH_PATHS = "$(inherited) @executable_path/Frameworks @loader_path/Frameworks";
				PRODUCT_BUNDLE_IDENTIFIER = "com.screamjunkies.Bird-CrapTests";
				PRODUCT_NAME = "$(TARGET_NAME)";
				SWIFT_VERSION = 3.0;
				TEST_HOST = "$(BUILT_PRODUCTS_DIR)/Bird Crap.app/Bird Crap";
			};
			name = Release;
		};
		739B801C1DFD90D600A022E7 /* Debug */ = {
			isa = XCBuildConfiguration;
			buildSettings = {
				ALWAYS_EMBED_SWIFT_STANDARD_LIBRARIES = YES;
				DEVELOPMENT_TEAM = 79N25RX82N;
				INFOPLIST_FILE = "Bird CrapUITests/Info.plist";
				LD_RUNPATH_SEARCH_PATHS = "$(inherited) @executable_path/Frameworks @loader_path/Frameworks";
				PRODUCT_BUNDLE_IDENTIFIER = "com.screamjunkies.Bird-CrapUITests";
				PRODUCT_NAME = "$(TARGET_NAME)";
				SWIFT_VERSION = 3.0;
				TEST_TARGET_NAME = "Bird Crap";
			};
			name = Debug;
		};
		739B801D1DFD90D600A022E7 /* Release */ = {
			isa = XCBuildConfiguration;
			buildSettings = {
				ALWAYS_EMBED_SWIFT_STANDARD_LIBRARIES = YES;
				DEVELOPMENT_TEAM = 79N25RX82N;
				INFOPLIST_FILE = "Bird CrapUITests/Info.plist";
				LD_RUNPATH_SEARCH_PATHS = "$(inherited) @executable_path/Frameworks @loader_path/Frameworks";
				PRODUCT_BUNDLE_IDENTIFIER = "com.screamjunkies.Bird-CrapUITests";
				PRODUCT_NAME = "$(TARGET_NAME)";
				SWIFT_VERSION = 3.0;
				TEST_TARGET_NAME = "Bird Crap";
			};
			name = Release;
		};
/* End XCBuildConfiguration section */

/* Begin XCConfigurationList section */
		739B7FE21DFD90D500A022E7 /* Build configuration list for PBXProject "Bird Crap" */ = {
			isa = XCConfigurationList;
			buildConfigurations = (
				739B80131DFD90D600A022E7 /* Debug */,
				739B80141DFD90D600A022E7 /* Release */,
			);
			defaultConfigurationIsVisible = 0;
			defaultConfigurationName = Release;
		};
		739B80151DFD90D600A022E7 /* Build configuration list for PBXNativeTarget "Bird Crap" */ = {
			isa = XCConfigurationList;
			buildConfigurations = (
				739B80161DFD90D600A022E7 /* Debug */,
				739B80171DFD90D600A022E7 /* Release */,
			);
			defaultConfigurationIsVisible = 0;
			defaultConfigurationName = Release;
		};
		739B80181DFD90D600A022E7 /* Build configuration list for PBXNativeTarget "Bird CrapTests" */ = {
			isa = XCConfigurationList;
			buildConfigurations = (
				739B80191DFD90D600A022E7 /* Debug */,
				739B801A1DFD90D600A022E7 /* Release */,
			);
			defaultConfigurationIsVisible = 0;
			defaultConfigurationName = Release;
		};
		739B801B1DFD90D600A022E7 /* Build configuration list for PBXNativeTarget "Bird CrapUITests" */ = {
			isa = XCConfigurationList;
			buildConfigurations = (
				739B801C1DFD90D600A022E7 /* Debug */,
				739B801D1DFD90D600A022E7 /* Release */,
			);
			defaultConfigurationIsVisible = 0;
			defaultConfigurationName = Release;
		};
/* End XCConfigurationList section */
	};
	rootObject = 739B7FDF1DFD90D500A022E7 /* Project object */;
}
